
Microsoft Visual Studio Solution File, Format Version 12.00
# Visual Studio Version 17
VisualStudioVersion = 17.5.33424.131
MinimumVisualStudioVersion = 10.0.40219.1
Project("{FAE04EC0-301F-11D3-BF4B-00C04F79EFBC}") = "grpc_client", "grpc_client.csproj", "{F558AAFF-461D-4073-9708-716F25DA12F4}"
EndProject
Global
	GlobalSection(SolutionConfigurationPlatforms) = preSolution
		Debug|Any CPU = Debug|Any CPU
		Release|Any CPU = Release|Any CPU
	EndGlobalSection
	GlobalSection(ProjectConfigurationPlatforms) = postSolution
		{F558AAFF-461D-4073-9708-716F25DA12F4}.Debug|Any CPU.ActiveCfg = Debug|Any CPU
		{F558AAFF-461D-4073-9708-716F25DA12F4}.Debug|Any CPU.Build.0 = Debug|Any CPU
		{F558AAFF-461D-4073-9708-716F25DA12F4}.Release|Any CPU.ActiveCfg = Release|Any CPU
		{F558AAFF-461D-4073-9708-716F25DA12F4}.Release|Any CPU.Build.0 = Release|Any CPU
	EndGlobalSection
	GlobalSection(SolutionProperties) = preSolution
		HideSolutionNode = FALSE
	EndGlobalSection
	GlobalSection(ExtensibilityGlobals) = postSolution
		SolutionGuid = {0DB25F3A-6F21-48A2-A4F0-A2DC7392C717}
	EndGlobalSection
EndGlobal
